{
  "name": "scramble-server",
  "version": "1.0.0",
  "lockfileVersion": 3,
  "requires": true,
  "packages": {
    "": {
      "name": "scramble-server",
      "version": "1.0.0",
      "dependencies": {
        "@deltachat/jsonrpc-client": "^2.62.0",
        "@deltachat/stdio-rpc-server": "^2.62.0",
        "ws": "^8.18.0"
      },
      "engines": {
        "node": ">=18"
      }
    },
    "node_modules/@deltachat/jsonrpc-client": {
      "version": "2.62.0",
      "resolved": "https://registry.npmjs.org/@deltachat/jsonrpc-client/-/jsonrpc-client-2.62.0.tgz",
      "integrity": "sha512-5viD3RxKjK4ZU4JVK1iGJCGGo4LFqVwOz7a+qPYdl17Lv2favkZJR5/9EWDhIu0z/KKoUpy1/ZqYm1IxfSP0QQ==",
      "license": "MPL-2.0",
      "dependencies": {
        "@deltachat/tiny-emitter": "3.0.0",
        "isomorphic-ws": "^5.0.0",
        "yerpc": "^0.6.2"
      }
    },
    "node_modules/@deltachat/stdio-rpc-server": {
      "version": "2.62.0",
      "resolved": "https://registry.npmjs.org/@deltachat/stdio-rpc-server/-/stdio-rpc-server-2.62.0.tgz",
      "integrity": "sha512-HaU0alXzDMnb5zx/c4iLsfkFPz4io3hAwGRqd5Ujgr0CPdcVNkcXiro5eDUE8R9hdaN39QP8aGdhasO7yAAD0g==",
      "license": "MPL-2.0",
      "optionalDependencies": {
        "@deltachat/stdio-rpc-server-android-arm": "2.62.0",
        "@deltachat/stdio-rpc-server-android-arm64": "2.62.0",
        "@deltachat/stdio-rpc-server-darwin-arm64": "2.62.0",
        "@deltachat/stdio-rpc-server-darwin-x64": "2.62.0",
        "@deltachat/stdio-rpc-server-linux-arm": "2.62.0",
        "@deltachat/stdio-rpc-server-linux-arm64": "2.62.0",
        "@deltachat/stdio-rpc-server-linux-ia32": "2.62.0",
        "@deltachat/stdio-rpc-server-linux-x64": "2.62.0",
        "@deltachat/stdio-rpc-server-win32-ia32": "2.62.0",
        "@deltachat/stdio-rpc-server-win32-x64": "2.62.0"
      },
      "peerDependencies": {
        "@deltachat/jsonrpc-client": "*"
      }
    },
    "node_modules/@deltachat/stdio-rpc-server-android-arm": {
      "version": "2.62.0",
      "resolved": "https://registry.npmjs.org/@deltachat/stdio-rpc-server-android-arm/-/stdio-rpc-server-android-arm-2.62.0.tgz",
      "integrity": "sha512-QUT7qBVT1cgygrQUyf8/FSV80kRYG1h5P7XEUZt4FWlDapTYOQ/tXM4jOaLEnzjrrT+K6fLoFd+1m6ZN2k7xuQ==",
      "cpu": [
        "arm"
      ],
      "license": "MPL-2.0",
      "optional": true,
      "os": [
        "android"
      ]
    },
    "node_modules/@deltachat/stdio-rpc-server-android-arm64": {
      "version": "2.62.0",
      "resolved": "https://registry.npmjs.org/@deltachat/stdio-rpc-server-android-arm64/-/stdio-rpc-server-android-arm64-2.62.0.tgz",
      "integrity": "sha512-P6M0Yfup2lnANZAvD+Ba+kKBtO1Pjl1S2gqzaMCi/jL0T8XNshs4kqmB9DnWCYlVZZkZoj6OJCYQGweCrXyzIg==",
      "cpu": [
        "arm64"
      ],
      "license": "MPL-2.0",
      "optional": true,
      "os": [
        "android"
      ]
    },
    "node_modules/@deltachat/stdio-rpc-server-darwin-arm64": {
      "version": "2.62.0",
      "resolved": "https://registry.npmjs.org/@deltachat/stdio-rpc-server-darwin-arm64/-/stdio-rpc-server-darwin-arm64-2.62.0.tgz",
      "integrity": "sha512-4elZyoQTUoSiWzghrmP3GHcQr6na2+WYMc8tPCuf6crPFt+xP+fvM/IdbG7udAglCKZtcOdX+iL2ETqaDX60xg==",
      "cpu": [
        "arm64"
      ],
      "license": "MPL-2.0",
      "optional": true,
      "os": [
        "darwin"
      ]
    },
    "node_modules/@deltachat/stdio-rpc-server-darwin-x64": {
      "version": "2.62.0",
      "resolved": "https://registry.npmjs.org/@deltachat/stdio-rpc-server-darwin-x64/-/stdio-rpc-server-darwin-x64-2.62.0.tgz",
      "integrity": "sha512-HaqrmY5KMGuG8Wsx08IkorEzPHGC+vP24CUJttIogly4lkI3a5hh9Wlhmla/zp3WBADl1Enm8zl9Z3ryxRCOtg==",
      "cpu": [
        "x64"
      ],
      "license": "MPL-2.0",
      "optional": true,
      "os": [
        "darwin"
      ]
    },
    "node_modules/@deltachat/stdio-rpc-server-linux-arm": {
      "version": "2.62.0",
      "resolved": "https://registry.npmjs.org/@deltachat/stdio-rpc-server-linux-arm/-/stdio-rpc-server-linux-arm-2.62.0.tgz",
      "integrity": "sha512-7rkrYNlnx8Lz2nc1A/p5kDu00hyWUm236eNb+Sebb9UWYr4R5Hmkc3sS7dT5BeY6wAuuJ6KZBHahfKc3HvfTcw==",
      "cpu": [
        "arm"
      ],
      "license": "MPL-2.0",
      "optional": true,
      "os": [
        "linux"
      ]
    },
    "node_modules/@deltachat/stdio-rpc-server-linux-arm64": {
      "version": "2.62.0",
      "resolved": "https://registry.npmjs.org/@deltachat/stdio-rpc-server-linux-arm64/-/stdio-rpc-server-linux-arm64-2.62.0.tgz",
      "integrity": "sha512-Ja5ZnMAw+HKy/B3DQe6M+Bje3T2mwItiBeWEssZWdi7Npp7onODp0hAiZKiDJGL4ZQ9B/dlgnj/sT13F2BwAcw==",
      "cpu": [
        "arm64"
      ],
      "license": "MPL-2.0",
      "optional": true,
      "os": [
        "linux"
      ]
    },
    "node_modules/@deltachat/stdio-rpc-server-linux-ia32": {
      "version": "2.62.0",
      "resolved": "https://registry.npmjs.org/@deltachat/stdio-rpc-server-linux-ia32/-/stdio-rpc-server-linux-ia32-2.62.0.tgz",
      "integrity": "sha512-hmeIrk/u4Qm85nGgYOt4Hi7iDsvcQHIuz2s0LaPzwMu34QFrgBJbFmRXxiGOYNka9Lqh1uSkUNQtH5UjCDmFlA==",
      "cpu": [
        "ia32"
      ],
      "license": "MPL-2.0",
      "optional": true,
      "os": [
        "linux"
      ]
    },
    "node_modules/@deltachat/stdio-rpc-server-linux-x64": {
      "version": "2.62.0",
      "resolved": "https://registry.npmjs.org/@deltachat/stdio-rpc-server-linux-x64/-/stdio-rpc-server-linux-x64-2.62.0.tgz",
      "integrity": "sha512-ewuZJQlaIuSQrosOeQCISCdVYioyNPEx6daJWH3f7yJqTBiKkwLO+/YE7i3p2VQ8yw8uw542Kw50NWk24aZWTw==",
      "cpu": [
        "x64"
      ],
      "license": "MPL-2.0",
      "optional": true,
      "os": [
        "linux"
      ]
    },
    "node_modules/@deltachat/stdio-rpc-server-win32-ia32": {
      "version": "2.62.0",
      "resolved": "https://registry.npmjs.org/@deltachat/stdio-rpc-server-win32-ia32/-/stdio-rpc-server-win32-ia32-2.62.0.tgz",
      "integrity": "sha512-+UN+g+HuFr4mQpYcikkzb4USb6SMZ5296DrUJ1+x2m7quudqKe2/o7nkas2m3+1/kdst3JDJyVmhLk2N7G9rdA==",
      "cpu": [
        "ia32"
      ],
      "license": "MPL-2.0",
      "optional": true,
      "os": [
        "win32"
      ]
    },
    "node_modules/@deltachat/stdio-rpc-server-win32-x64": {
      "version": "2.62.0",
      "resolved": "https://registry.npmjs.org/@deltachat/stdio-rpc-server-win32-x64/-/stdio-rpc-server-win32-x64-2.62.0.tgz",
      "integrity": "sha512-S0wcVlqeBrevFyf2E5BEQg+b4hyHO3jPJPdKm/007YkkaD0r1jMB5/vIaNdUSYSGU9SyZjQ07p6zMo8fV21OJQ==",
      "cpu": [
        "x64"
      ],
      "license": "MPL-2.0",
      "optional": true,
      "os": [
        "win32"
      ]
    },
    "node_modules/@deltachat/tiny-emitter": {
      "version": "3.0.0",
      "resolved": "https://registry.npmjs.org/@deltachat/tiny-emitter/-/tiny-emitter-3.0.0.tgz",
      "integrity": "sha512-iapvwGCEWFjXtObQ/vNzXS0+M9hrZrY2tMdV7SaX8kHXKVm3oIuJUVmUj5jhABTL7GstO6uKzV+36FUZVGOqCA==",
      "license": "MIT"
    },
    "node_modules/@types/node": {
      "version": "26.6.4",
      "resolved": "https://registry.npmjs.org/@types/node/-/node-26.6.4.tgz",
      "integrity": "sha512-ldVPDCzj7fsaGZrLB0NuHuTvJcsNasysBAqMolr/cgxrLd1xbqxIr3XJiPnHHJUCxj5sNF1vnRj9aWnrVh5Jcg==",
      "license": "MIT",
      "dependencies": {
        "undici-types": "~8.9.0"
      }
    },
    "node_modules/@types/ws": {
      "version": "8.18.2",
      "resolved": "https://registry.npmjs.org/@types/ws/-/ws-8.18.2.tgz",
      "integrity": "sha512-67MQl+fpWKVTT1NYdnmo3U4sc/xPo/zQBncVnI74qmQa0z/b+1g6iYqNmGCPbxO+zz2aklb08a0oHfegiVd0/w==",
      "license": "MIT",
      "dependencies": {
        "@types/node": "*"
      }
    },
    "node_modules/isomorphic-ws": {
      "version": "5.0.0",
      "resolved": "https://registry.npmjs.org/isomorphic-ws/-/isomorphic-ws-5.0.0.tgz",
      "integrity": "sha512-muId7Zzn9ywDsyXgTIafTry2sV3nySZeUDe6YedVd1Hvuuep5AsIlqK+XefWpYTyJG5e503F2xIuT2lcU6rCSw==",
      "license": "MIT",
      "peerDependencies": {
        "ws": "*"
      }
    },
    "node_modules/typescript": {
      "version": "4.9.5",
      "resolved": "https://registry.npmjs.org/typescript/-/typescript-4.9.5.tgz",
      "integrity": "sha512-1FXk9E2Hm+QzZQ7z+McJiHL4NW1F2EzMu9Nq9i3zAaGqibafqYwCVU6WyWAuyQRRzOlxou8xZSyXLEN8oKj24g==",
      "license": "Apache-2.0",
      "bin": {
        "tsc": "bin/tsc",
        "tsserver": "bin/tsserver"
      },
      "engines": {
        "node": ">=4.2.0"
      }
    },
    "node_modules/undici-types": {
      "version": "8.9.0",
      "resolved": "https://registry.npmjs.org/undici-types/-/undici-types-8.9.0.tgz",
      "integrity": "sha512-KTDyRTYX8sWmKXAikPHHSyc63CRPETMctyjKFupcC6OBLXT3xsN0e9aF7m+mIXutFWpUXuedtowG7iLOzp0kQg==",
      "license": "MIT"
    },
    "node_modules/ws": {
      "version": "8.22.0",
      "resolved": "https://registry.npmjs.org/ws/-/ws-8.22.0.tgz",
      "integrity": "sha512-Ydggc987+RO0AnWtZ/7Wq9FtNvcrL1b/RO0ud9mWjUPgDrsAAwQSF51sm2hm1XofbU/4jkpGEsLFsZZxU+1DOg==",
      "license": "MIT",
      "engines": {
        "node": ">=10.0.0"
      },
      "peerDependencies": {
        "bufferutil": "^4.0.1",
        "utf-8-validate": ">=5.0.2"
      },
      "peerDependenciesMeta": {
        "bufferutil": {
          "optional": true
        },
        "utf-8-validate": {
          "optional": true
        }
      }
    },
    "node_modules/yerpc": {
      "version": "0.6.4",
      "resolved": "https://registry.npmjs.org/yerpc/-/yerpc-0.6.4.tgz",
      "integrity": "sha512-f/yBGREg5sR9aa6QG0thon6uL8jKJhQuRO/SwGsnOIIe45wFQrMYBV+A5cCNEgqzSHsz+Jl2F7sEO6h7CJfr5w==",
      "license": "MIT OR Apache-2.0",
      "dependencies": {
        "@types/ws": "^8.2.2",
        "isomorphic-ws": "^4.0.1",
        "typescript": "^4.6.3"
      },
      "optionalDependencies": {
        "ws": "^8.5.0"
      }
    },
    "node_modules/yerpc/node_modules/isomorphic-ws": {
      "version": "4.0.1",
      "resolved": "https://registry.npmjs.org/isomorphic-ws/-/isomorphic-ws-4.0.1.tgz",
      "integrity": "sha512-BhBvN2MBpWTaSHdWRb/bwdZJ1WaehQ2L1KngkCkfLUGF0mAWAT1sQUQacEmQ0jXkFw/czDXPNQSL5u2/Krsz1w==",
      "license": "MIT",
      "peerDependencies": {
        "ws": "*"
      }
    }
  }
}
